
Microsoft Visual Studio Solution File, Format Version 12.00
# Visual Studio 15
Project("{EEFCAC13-71E4-4DC0-855C-4C5A4C4EEDC2}") = "CreationMethod.Tests", "CreationMethod.Tests/CreationMethod.Tests-VS2017.csproj", "{69A32087-B331-4C50-989E-5F226AC3C2E3}"
	ProjectSection(ProjectDependencies) = postProject
		{86CAE2D6-5C33-432C-83DB-B89CCEBCEC86} = {86CAE2D6-5C33-432C-83DB-B89CCEBCEC86}
	EndProjectSection
EndProject
Project("{EEFCAC13-71E4-4DC0-855C-4C5A4C4EEDC2}") = "CreationMethod", "CreationMethod/CreationMethod-VS2017.csproj", "{86CAE2D6-5C33-432C-83DB-B89CCEBCEC86}"
EndProject
Global
	GlobalSection(SolutionConfigurationPlatforms) = preSolution
		Debug|Any CPU = Debug|Any CPU
	EndGlobalSection
	GlobalSection(ProjectConfigurationPlatforms) = postSolution
		{69A32087-B331-4C50-989E-5F226AC3C2E3}.Debug|Any CPU.ActiveCfg = Debug|Any CPU
		{69A32087-B331-4C50-989E-5F226AC3C2E3}.Debug|Any CPU.Build.0 = Debug|Any CPU
		{86CAE2D6-5C33-432C-83DB-B89CCEBCEC86}.Debug|Any CPU.ActiveCfg = Debug|Any CPU
		{86CAE2D6-5C33-432C-83DB-B89CCEBCEC86}.Debug|Any CPU.Build.0 = Debug|Any CPU
	EndGlobalSection
	GlobalSection(SolutionProperties) = preSolution
		HideSolutionNode = FALSE
	EndGlobalSection
EndGlobal
